
Microsoft Visual Studio Solution File, Format Version 12.00
# Visual Studio Version 17
VisualStudioVersion = 17.10.35027.167
MinimumVisualStudioVersion = 10.0.40219.1
Project("{FAE04EC0-301F-11D3-BF4B-00C04F79EFBC}") = "Apps.Worldserver", "Apps.Worldserver\Apps.Worldserver.csproj", "{88DBA854-E391-4214-9DEE-D19CA206AEED}"
EndProject
Project("{FAE04EC0-301F-11D3-BF4B-00C04F79EFBC}") = "ConsoleApp1", "ConsoleApp1\ConsoleApp1.csproj", "{FDD4FA6A-CFBC-41EB-84A0-B6FA5995080F}"
	ProjectSection(ProjectDependencies) = postProject
		{88DBA854-E391-4214-9DEE-D19CA206AEED} = {88DBA854-E391-4214-9DEE-D19CA206AEED}
	EndProjectSection
EndProject
Project("{2150E333-8FDC-42A3-9474-1A3956D46DE8}") = "Solution Items", "Solution Items", "{59CA0495-248C-4003-8310-CD19DEFFB43B}"
	ProjectSection(SolutionItems) = preProject
		README.md = README.md
	EndProjectSection
EndProject
Global
	GlobalSection(SolutionConfigurationPlatforms) = preSolution
		Debug|Any CPU = Debug|Any CPU
		Release|Any CPU = Release|Any CPU
	EndGlobalSection
	GlobalSection(ProjectConfigurationPlatforms) = postSolution
		{88DBA854-E391-4214-9DEE-D19CA206AEED}.Debug|Any CPU.ActiveCfg = Debug|Any CPU
		{88DBA854-E391-4214-9DEE-D19CA206AEED}.Debug|Any CPU.Build.0 = Debug|Any CPU
		{88DBA854-E391-4214-9DEE-D19CA206AEED}.Release|Any CPU.ActiveCfg = Release|Any CPU
		{88DBA854-E391-4214-9DEE-D19CA206AEED}.Release|Any CPU.Build.0 = Release|Any CPU
		{FDD4FA6A-CFBC-41EB-84A0-B6FA5995080F}.Debug|Any CPU.ActiveCfg = Debug|Any CPU
		{FDD4FA6A-CFBC-41EB-84A0-B6FA5995080F}.Debug|Any CPU.Build.0 = Debug|Any CPU
		{FDD4FA6A-CFBC-41EB-84A0-B6FA5995080F}.Release|Any CPU.ActiveCfg = Release|Any CPU
		{FDD4FA6A-CFBC-41EB-84A0-B6FA5995080F}.Release|Any CPU.Build.0 = Release|Any CPU
	EndGlobalSection
	GlobalSection(SolutionProperties) = preSolution
		HideSolutionNode = FALSE
	EndGlobalSection
	GlobalSection(ExtensibilityGlobals) = postSolution
		SolutionGuid = {EDACD3A9-1AF1-494A-9E2C-BF6BB29D80C7}
	EndGlobalSection
EndGlobal
